// !$*UTF8*$!
{
	archiveVersion = 1;
	classes = {
	};
	objectVersion = 77;
	objects = {

/* Begin PBXBuildFile section */
		8F302E8E2E279BEA00D684DC /* Classes.swift in Sources */ = {isa = PBXBuildFile; fileRef = 8F302E8D2E279BDF00D684DC /* Classes.swift */; };
		8F5160D62E5C78DB0088A18E /* IncidentDetailView.swift in Sources */ = {isa = PBXBuildFile; fileRef = 8F5160D52E5C78AF0088A18E /* IncidentDetailView.swift */; };
		8F5185252E13FCF900517768 /* HomeView.swift in Sources */ = {isa = PBXBuildFile; fileRef = 8F5185192E13E92200517768 /* HomeView.swift */; };
		8F5185262E13FCFF00517768 /* ReportIncidentView.swift in Sources */ = {isa = PBXBuildFile; fileRef = 8F51851B2E13E97700517768 /* ReportIncidentView.swift */; };
		8F5185272E13FD0600517768 /* MapView.swift in Sources */ = {isa = PBXBuildFile; fileRef = 8F51851D2E13E9FA00517768 /* MapView.swift */; };
		8F5185282E13FD0D00517768 /* ReportsView.swift in Sources */ = {isa = PBXBuildFile; fileRef = 8F51851E2E13EA4300517768 /* ReportsView.swift */; };
		8F5185292E13FD1700517768 /* ProfileView.swift in Sources */ = {isa = PBXBuildFile; fileRef = 8F51851F2E13EA8800517768 /* ProfileView.swift */; };
		8F51852A2E13FD1E00517768 /* SupportingViews.swift in Sources */ = {isa = PBXBuildFile; fileRef = 8F5185242E13ED9800517768 /* SupportingViews.swift */; };
		8FF0E0E92E24E4CF00ABF321 /* DataStore.swift in Sources */ = {isa = PBXBuildFile; fileRef = 8F5185202E13EAC700517768 /* DataStore.swift */; };
		8FF0E0EA2E24E4D600ABF321 /* Model.swift in Sources */ = {isa = PBXBuildFile; fileRef = 8FD329842E151D9C009BA232 /* Model.swift */; };
		8FF0E0EB2E24E8F700ABF321 /* LocationManager.swift in Sources */ = {isa = PBXBuildFile; fileRef = 8F5185222E13EB0F00517768 /* LocationManager.swift */; };
		8FAA10002E6A000100000001 /* JobStore.swift in Sources */ = {isa = PBXBuildFile; fileRef = 8FAA0FFF2E69FFFE00000001 /* JobStore.swift */; };
		8FAA10012E6A000100000002 /* JobModels.swift in Sources */ = {isa = PBXBuildFile; fileRef = 8FAA0FFE2E69FFFE00000002 /* JobModels.swift */; };
		8FAA10022E6A000100000003 /* CareersView.swift in Sources */ = {isa = PBXBuildFile; fileRef = 8FAA0FFD2E69FFFE00000003 /* CareersView.swift */; };
/* End PBXBuildFile section */

/* Begin PBXContainerItemProxy section */
		8F5184FA2E13E80D00517768 /* PBXContainerItemProxy */ = {
			isa = PBXContainerItemProxy;
			containerPortal = 8F5184E32E13E80000517768 /* Project object */;
			proxyType = 1;
			remoteGlobalIDString = 8F5184EA2E13E80000517768;
			remoteInfo = MzansiAlert;
		};
		8F5185042E13E80D00517768 /* PBXContainerItemProxy */ = {
			isa = PBXContainerItemProxy;
			containerPortal = 8F5184E32E13E80000517768 /* Project object */;
			proxyType = 1;
			remoteGlobalIDString = 8F5184EA2E13E80000517768;
			remoteInfo = MzansiAlert;
		};
/* End PBXContainerItemProxy section */

/* Begin PBXFileReference section */
		8F302E8D2E279BDF00D684DC /* Classes.swift */ = {isa = PBXFileReference; lastKnownFileType = sourcecode.swift; path = Classes.swift; sourceTree = "<group>"; };
		8F5160D52E5C78AF0088A18E /* IncidentDetailView.swift */ = {isa = PBXFileReference; lastKnownFileType = sourcecode.swift; path = IncidentDetailView.swift; sourceTree = "<group>"; };
		8F5184EB2E13E80000517768 /* MzansiAlert.app */ = {isa = PBXFileReference; explicitFileType = wrapper.application; includeInIndex = 0; path = MzansiAlert.app; sourceTree = BUILT_PRODUCTS_DIR; };
		8F5184F92E13E80D00517768 /* MzansiAlertTests.xctest */ = {isa = PBXFileReference; explicitFileType = wrapper.cfbundle; includeInIndex = 0; path = MzansiAlertTests.xctest; sourceTree = BUILT_PRODUCTS_DIR; };
		8F5185032E13E80D00517768 /* MzansiAlertUITests.xctest */ = {isa = PBXFileReference; explicitFileType = wrapper.cfbundle; includeInIndex = 0; path = MzansiAlertUITests.xctest; sourceTree = BUILT_PRODUCTS_DIR; };
		8F5185192E13E92200517768 /* HomeView.swift */ = {isa = PBXFileReference; lastKnownFileType = sourcecode.swift; path = HomeView.swift; sourceTree = "<group>"; };
		8F51851B2E13E97700517768 /* ReportIncidentView.swift */ = {isa = PBXFileReference; lastKnownFileType = sourcecode.swift; path = ReportIncidentView.swift; sourceTree = "<group>"; };
		8F51851D2E13E9FA00517768 /* MapView.swift */ = {isa = PBXFileReference; lastKnownFileType = sourcecode.swift; path = MapView.swift; sourceTree = "<group>"; };
		8F51851E2E13EA4300517768 /* ReportsView.swift */ = {isa = PBXFileReference; lastKnownFileType = sourcecode.swift; path = ReportsView.swift; sourceTree = "<group>"; };
		8F51851F2E13EA8800517768 /* ProfileView.swift */ = {isa = PBXFileReference; lastKnownFileType = sourcecode.swift; path = ProfileView.swift; sourceTree = "<group>"; };
		8F5185202E13EAC700517768 /* DataStore.swift */ = {isa = PBXFileReference; lastKnownFileType = sourcecode.swift; path = DataStore.swift; sourceTree = "<group>"; };
		8F5185222E13EB0F00517768 /* LocationManager.swift */ = {isa = PBXFileReference; lastKnownFileType = sourcecode.swift; path = LocationManager.swift; sourceTree = "<group>"; };
		8F5185242E13ED9800517768 /* SupportingViews.swift */ = {isa = PBXFileReference; lastKnownFileType = sourcecode.swift; path = SupportingViews.swift; sourceTree = "<group>"; };
		8FD329842E151D9C009BA232 /* Model.swift */ = {isa = PBXFileReference; lastKnownFileType = sourcecode.swift; path = Model.swift; sourceTree = "<group>"; };
		8FAA0FFD2E69FFFE00000003 /* CareersView.swift */ = {isa = PBXFileReference; lastKnownFileType = sourcecode.swift; path = CareersView.swift; sourceTree = "<group>"; };
		8FAA0FFE2E69FFFE00000002 /* JobModels.swift */ = {isa = PBXFileReference; lastKnownFileType = sourcecode.swift; path = Models/JobModels.swift; sourceTree = "<group>"; };
		8FAA0FFF2E69FFFE00000001 /* JobStore.swift */ = {isa = PBXFileReference; lastKnownFileType = sourcecode.swift; path = JobStore.swift; sourceTree = "<group>"; };
/* End PBXFileReference section */

/* Begin PBXFileSystemSynchronizedRootGroup section */
		8F5184ED2E13E80000517768 /* MzansiAlert */ = {
			isa = PBXFileSystemSynchronizedRootGroup;
			path = MzansiAlert;
			sourceTree = "<group>";
		};
		8F5184FC2E13E80D00517768 /* MzansiAlertTests */ = {
			isa = PBXFileSystemSynchronizedRootGroup;
			path = MzansiAlertTests;
			sourceTree = "<group>";
		};
		8F5185062E13E80D00517768 /* MzansiAlertUITests */ = {
			isa = PBXFileSystemSynchronizedRootGroup;
			path = MzansiAlertUITests;
			sourceTree = "<group>";
		};
/* End PBXFileSystemSynchronizedRootGroup section */

/* Begin PBXFrameworksBuildPhase section */
		8F5184E82E13E80000517768 /* Frameworks */ = {
			isa = PBXFrameworksBuildPhase;
			buildActionMask = 2147483647;
			files = (
			);
			runOnlyForDeploymentPostprocessing = 0;
		};
		8F5184F62E13E80D00517768 /* Frameworks */ = {
			isa = PBXFrameworksBuildPhase;
			buildActionMask = 2147483647;
			files = (
			);
			runOnlyForDeploymentPostprocessing = 0;
		};
		8F5185002E13E80D00517768 /* Frameworks */ = {
			isa = PBXFrameworksBuildPhase;
			buildActionMask = 2147483647;
			files = (
			);
			runOnlyForDeploymentPostprocessing = 0;
		};
/* End PBXFrameworksBuildPhase section */

/* Begin PBXGroup section */
		8F5184E22E13E80000517768 = {
			isa = PBXGroup;
			children = (
				8F5185212E13EB0200517768 /* Control */,
				8F5185182E13E8BF00517768 /* View */,
				8F5185162E13E87700517768 /* Data */,
				8F5184ED2E13E80000517768 /* MzansiAlert */,
				8F5184FC2E13E80D00517768 /* MzansiAlertTests */,
				8F5185062E13E80D00517768 /* MzansiAlertUITests */,
				8F5184EC2E13E80000517768 /* Products */,
			);
			sourceTree = "<group>";
		};
		8F5184EC2E13E80000517768 /* Products */ = {
			isa = PBXGroup;
			children = (
				8F5184EB2E13E80000517768 /* MzansiAlert.app */,
				8F5184F92E13E80D00517768 /* MzansiAlertTests.xctest */,
				8F5185032E13E80D00517768 /* MzansiAlertUITests.xctest */,
			);
			name = Products;
			sourceTree = "<group>";
		};
		8F5185162E13E87700517768 /* Data */ = {
			isa = PBXGroup;
			children = (
				8F302E8D2E279BDF00D684DC /* Classes.swift */,
				8FD329842E151D9C009BA232 /* Model.swift */,
				8F5185202E13EAC700517768 /* DataStore.swift */,
				8FAA0FFF2E69FFFE00000001 /* JobStore.swift */,
				8FAA0FFE2E69FFFE00000002 /* JobModels.swift */,
			);
			path = Data;
			sourceTree = "<group>";
		};
		8F5185182E13E8BF00517768 /* View */ = {
			isa = PBXGroup;
			children = (
				8F5160D52E5C78AF0088A18E /* IncidentDetailView.swift */,
				8F5185242E13ED9800517768 /* SupportingViews.swift */,
				8F51851F2E13EA8800517768 /* ProfileView.swift */,
				8F51851E2E13EA4300517768 /* ReportsView.swift */,
				8F51851D2E13E9FA00517768 /* MapView.swift */,
				8F51851B2E13E97700517768 /* ReportIncidentView.swift */,
				8F5185192E13E92200517768 /* HomeView.swift */,
				8FAA0FFD2E69FFFE00000003 /* CareersView.swift */,
			);
			path = View;
			sourceTree = "<group>";
		};
		8F5185212E13EB0200517768 /* Control */ = {
			isa = PBXGroup;
			children = (
				8F5185222E13EB0F00517768 /* LocationManager.swift */,
			);
			path = Control;
			sourceTree = "<group>";
		};
/* End PBXGroup section */

/* Begin PBXNativeTarget section */
		8F5184EA2E13E80000517768 /* MzansiAlert */ = {
			isa = PBXNativeTarget;
			buildConfigurationList = 8F51850D2E13E80D00517768 /* Build configuration list for PBXNativeTarget "MzansiAlert" */;
			buildPhases = (
				8F5184E72E13E80000517768 /* Sources */,
				8F5184E82E13E80000517768 /* Frameworks */,
				8F5184E92E13E80000517768 /* Resources */,
			);
			buildRules = (
			);
			dependencies = (
			);
			fileSystemSynchronizedGroups = (
				8F5184ED2E13E80000517768 /* MzansiAlert */,
			);
			name = MzansiAlert;
			packageProductDependencies = (
			);
			productName = MzansiAlert;
			productReference = 8F5184EB2E13E80000517768 /* MzansiAlert.app */;
			productType = "com.apple.product-type.application";
		};
		8F5184F82E13E80D00517768 /* MzansiAlertTests */ = {
			isa = PBXNativeTarget;
			buildConfigurationList = 8F5185102E13E80D00517768 /* Build configuration list for PBXNativeTarget "MzansiAlertTests" */;
			buildPhases = (
				8F5184F52E13E80D00517768 /* Sources */,
				8F5184F62E13E80D00517768 /* Frameworks */,
				8F5184F72E13E80D00517768 /* Resources */,
			);
			buildRules = (
			);
			dependencies = (
				8F5184FB2E13E80D00517768 /* PBXTargetDependency */,
			);
			fileSystemSynchronizedGroups = (
				8F5184FC2E13E80D00517768 /* MzansiAlertTests */,
			);
			name = MzansiAlertTests;
			packageProductDependencies = (
			);
			productName = MzansiAlertTests;
			productReference = 8F5184F92E13E80D00517768 /* MzansiAlertTests.xctest */;
			productType = "com.apple.product-type.bundle.unit-test";
		};
		8F5185022E13E80D00517768 /* MzansiAlertUITests */ = {
			isa = PBXNativeTarget;
			buildConfigurationList = 8F5185132E13E80D00517768 /* Build configuration list for PBXNativeTarget "MzansiAlertUITests" */;
			buildPhases = (
				8F5184FF2E13E80D00517768 /* Sources */,
				8F5185002E13E80D00517768 /* Frameworks */,
				8F5185012E13E80D00517768 /* Resources */,
			);
			buildRules = (
			);
			dependencies = (
				8F5185052E13E80D00517768 /* PBXTargetDependency */,
			);
			fileSystemSynchronizedGroups = (
				8F5185062E13E80D00517768 /* MzansiAlertUITests */,
			);
			name = MzansiAlertUITests;
			packageProductDependencies = (
			);
			productName = MzansiAlertUITests;
			productReference = 8F5185032E13E80D00517768 /* MzansiAlertUITests.xctest */;
			productType = "com.apple.product-type.bundle.ui-testing";
		};
/* End PBXNativeTarget section */

/* Begin PBXProject section */
		8F5184E32E13E80000517768 /* Project object */ = {
			isa = PBXProject;
			attributes = {
				BuildIndependentTargetsInParallel = 1;
				LastSwiftUpdateCheck = 1640;
				LastUpgradeCheck = 1640;
				TargetAttributes = {
					8F5184EA2E13E80000517768 = {
						CreatedOnToolsVersion = 16.4;
					};
					8F5184F82E13E80D00517768 = {
						CreatedOnToolsVersion = 16.4;
						TestTargetID = 8F5184EA2E13E80000517768;
					};
					8F5185022E13E80D00517768 = {
						CreatedOnToolsVersion = 16.4;
						TestTargetID = 8F5184EA2E13E80000517768;
					};
				};
			};
			buildConfigurationList = 8F5184E62E13E80000517768 /* Build configuration list for PBXProject "MzansiAlert" */;
			developmentRegion = en;
			hasScannedForEncodings = 0;
			knownRegions = (
				en,
				Base,
			);
			mainGroup = 8F5184E22E13E80000517768;
			minimizedProjectReferenceProxies = 1;
			preferredProjectObjectVersion = 77;
			productRefGroup = 8F5184EC2E13E80000517768 /* Products */;
			projectDirPath = "";
			projectRoot = "";
			targets = (
				8F5184EA2E13E80000517768 /* MzansiAlert */,
				8F5184F82E13E80D00517768 /* MzansiAlertTests */,
				8F5185022E13E80D00517768 /* MzansiAlertUITests */,
			);
		};
/* End PBXProject section */

/* Begin PBXResourcesBuildPhase section */
		8F5184E92E13E80000517768 /* Resources */ = {
			isa = PBXResourcesBuildPhase;
			buildActionMask = 2147483647;
			files = (
			);
			runOnlyForDeploymentPostprocessing = 0;
		};
		8F5184F72E13E80D00517768 /* Resources */ = {
			isa = PBXResourcesBuildPhase;
			buildActionMask = 2147483647;
			files = (
			);
			runOnlyForDeploymentPostprocessing = 0;
		};
		8F5185012E13E80D00517768 /* Resources */ = {
			isa = PBXResourcesBuildPhase;
			buildActionMask = 2147483647;
			files = (
			);
			runOnlyForDeploymentPostprocessing = 0;
		};
/* End PBXResourcesBuildPhase section */

/* Begin PBXSourcesBuildPhase section */
		8F5184E72E13E80000517768 /* Sources */ = {
			isa = PBXSourcesBuildPhase;
			buildActionMask = 2147483647;
			files = (
				8F5185262E13FCFF00517768 /* ReportIncidentView.swift in Sources */,
				8F51852A2E13FD1E00517768 /* SupportingViews.swift in Sources */,
				8F302E8E2E279BEA00D684DC /* Classes.swift in Sources */,
				8FF0E0E92E24E4CF00ABF321 /* DataStore.swift in Sources */,
				8F5185252E13FCF900517768 /* HomeView.swift in Sources */,
				8F5185272E13FD0600517768 /* MapView.swift in Sources */,
				8F5160D62E5C78DB0088A18E /* IncidentDetailView.swift in Sources */,
				8FF0E0EB2E24E8F700ABF321 /* LocationManager.swift in Sources */,
				8FF0E0EA2E24E4D600ABF321 /* Model.swift in Sources */,
				8F5185282E13FD0D00517768 /* ReportsView.swift in Sources */,
				8F5185292E13FD1700517768 /* ProfileView.swift in Sources */,
				8FAA10002E6A000100000001 /* JobStore.swift in Sources */,
				8FAA10012E6A000100000002 /* JobModels.swift in Sources */,
				8FAA10022E6A000100000003 /* CareersView.swift in Sources */,
			);
			runOnlyForDeploymentPostprocessing = 0;
		};
		8F5184F52E13E80D00517768 /* Sources */ = {
			isa = PBXSourcesBuildPhase;
			buildActionMask = 2147483647;
			files = (
			);
			runOnlyForDeploymentPostprocessing = 0;
		};
		8F5184FF2E13E80D00517768 /* Sources */ = {
			isa = PBXSourcesBuildPhase;
			buildActionMask = 2147483647;
			files = (
			);
			runOnlyForDeploymentPostprocessing = 0;
		};
/* End PBXSourcesBuildPhase section */

/* Begin PBXTargetDependency section */
		8F5184FB2E13E80D00517768 /* PBXTargetDependency */ = {
			isa = PBXTargetDependency;
			target = 8F5184EA2E13E80000517768 /* MzansiAlert */;
			targetProxy = 8F5184FA2E13E80D00517768 /* PBXContainerItemProxy */;
		};
		8F5185052E13E80D00517768 /* PBXTargetDependency */ = {
			isa = PBXTargetDependency;
			target = 8F5184EA2E13E80000517768 /* MzansiAlert */;
			targetProxy = 8F5185042E13E80D00517768 /* PBXContainerItemProxy */;
		};
/* End PBXTargetDependency section */

/* Begin XCBuildConfiguration section */
		8F51850B2E13E80D00517768 /* Debug */ = {
			isa = XCBuildConfiguration;
			buildSettings = {
				ALWAYS_SEARCH_USER_PATHS = NO;
				ASSETCATALOG_COMPILER_GENERATE_SWIFT_ASSET_SYMBOL_EXTENSIONS = YES;
				CLANG_ANALYZER_NONNULL = YES;
				CLANG_ANALYZER_NUMBER_OBJECT_CONVERSION = YES_AGGRESSIVE;
				CLANG_CXX_LANGUAGE_STANDARD = "gnu++20";
				CLANG_ENABLE_MODULES = YES;
				CLANG_ENABLE_OBJC_ARC = YES;
				CLANG_ENABLE_OBJC_WEAK = YES;
				CLANG_WARN_BLOCK_CAPTURE_AUTORELEASING = YES;
				CLANG_WARN_BOOL_CONVERSION = YES;
				CLANG_WARN_COMMA = YES;
				CLANG_WARN_CONSTANT_CONVERSION = YES;
				CLANG_WARN_DEPRECATED_OBJC_IMPLEMENTATIONS = YES;
				CLANG_WARN_DIRECT_OBJC_ISA_USAGE = YES_ERROR;
				CLANG_WARN_DOCUMENTATION_COMMENTS = YES;
				CLANG_WARN_EMPTY_BODY = YES;
				CLANG_WARN_ENUM_CONVERSION = YES;
				CLANG_WARN_INFINITE_RECURSION = YES;
				CLANG_WARN_INT_CONVERSION = YES;
				CLANG_WARN_NON_LITERAL_NULL_CONVERSION = YES;
				CLANG_WARN_OBJC_IMPLICIT_RETAIN_SELF = YES;
				CLANG_WARN_OBJC_LITERAL_CONVERSION = YES;
				CLANG_WARN_OBJC_ROOT_CLASS = YES_ERROR;
				CLANG_WARN_QUOTED_INCLUDE_IN_FRAMEWORK_HEADER = YES;
				CLANG_WARN_RANGE_LOOP_ANALYSIS = YES;
				CLANG_WARN_STRICT_PROTOTYPES = YES;
				CLANG_WARN_SUSPICIOUS_MOVE = YES;
				CLANG_WARN_UNGUARDED_AVAILABILITY = YES_AGGRESSIVE;
				CLANG_WARN_UNREACHABLE_CODE = YES;
				CLANG_WARN__DUPLICATE_METHOD_MATCH = YES;
				COPY_PHASE_STRIP = NO;
				DEBUG_INFORMATION_FORMAT = dwarf;
				ENABLE_STRICT_OBJC_MSGSEND = YES;
				ENABLE_TESTABILITY = YES;
				ENABLE_USER_SCRIPT_SANDBOXING = YES;
				GCC_C_LANGUAGE_STANDARD = gnu17;
				GCC_DYNAMIC_NO_PIC = NO;
				GCC_NO_COMMON_BLOCKS = YES;
				GCC_OPTIMIZATION_LEVEL = 0;
				GCC_PREPROCESSOR_DEFINITIONS = (
					"DEBUG=1",
					"$(inherited)",
				);
				GCC_WARN_64_TO_32_BIT_CONVERSION = YES;
				GCC_WARN_ABOUT_RETURN_TYPE = YES_ERROR;
				GCC_WARN_UNDECLARED_SELECTOR = YES;
				GCC_WARN_UNINITIALIZED_AUTOS = YES_AGGRESSIVE;
				GCC_WARN_UNUSED_FUNCTION = YES;
				GCC_WARN_UNUSED_VARIABLE = YES;
				LOCALIZATION_PREFERS_STRING_CATALOGS = YES;
				MTL_ENABLE_DEBUG_INFO = INCLUDE_SOURCE;
				MTL_FAST_MATH = YES;
				ONLY_ACTIVE_ARCH = YES;
				SWIFT_ACTIVE_COMPILATION_CONDITIONS = "DEBUG $(inherited)";
				SWIFT_OPTIMIZATION_LEVEL = "-Onone";
			};
			name = Debug;
		};
		8F51850C2E13E80D00517768 /* Release */ = {
			isa = XCBuildConfiguration;
			buildSettings = {
				ALWAYS_SEARCH_USER_PATHS = NO;
				ASSETCATALOG_COMPILER_GENERATE_SWIFT_ASSET_SYMBOL_EXTENSIONS = YES;
				CLANG_ANALYZER_NONNULL = YES;
				CLANG_ANALYZER_NUMBER_OBJECT_CONVERSION = YES_AGGRESSIVE;
				CLANG_CXX_LANGUAGE_STANDARD = "gnu++20";
				CLANG_ENABLE_MODULES = YES;
				CLANG_ENABLE_OBJC_ARC = YES;
				CLANG_ENABLE_OBJC_WEAK = YES;
				CLANG_WARN_BLOCK_CAPTURE_AUTORELEASING = YES;
				CLANG_WARN_BOOL_CONVERSION = YES;
				CLANG_WARN_COMMA = YES;
				CLANG_WARN_CONSTANT_CONVERSION = YES;
				CLANG_WARN_DEPRECATED_OBJC_IMPLEMENTATIONS = YES;
				CLANG_WARN_DIRECT_OBJC_ISA_USAGE = YES_ERROR;
				CLANG_WARN_DOCUMENTATION_COMMENTS = YES;
				CLANG_WARN_EMPTY_BODY = YES;
				CLANG_WARN_ENUM_CONVERSION = YES;
				CLANG_WARN_INFINITE_RECURSION = YES;
				CLANG_WARN_INT_CONVERSION = YES;
				CLANG_WARN_NON_LITERAL_NULL_CONVERSION = YES;
				CLANG_WARN_OBJC_IMPLICIT_RETAIN_SELF = YES;
				CLANG_WARN_OBJC_LITERAL_CONVERSION = YES;
				CLANG_WARN_OBJC_ROOT_CLASS = YES_ERROR;
				CLANG_WARN_QUOTED_INCLUDE_IN_FRAMEWORK_HEADER = YES;
				CLANG_WARN_RANGE_LOOP_ANALYSIS = YES;
				CLANG_WARN_STRICT_PROTOTYPES = YES;
				CLANG_WARN_SUSPICIOUS_MOVE = YES;
				CLANG_WARN_UNGUARDED_AVAILABILITY = YES_AGGRESSIVE;
				CLANG_WARN_UNREACHABLE_CODE = YES;
				CLANG_WARN__DUPLICATE_METHOD_MATCH = YES;
				COPY_PHASE_STRIP = NO;
				DEBUG_INFORMATION_FORMAT = "dwarf-with-dsym";
				ENABLE_NS_ASSERTIONS = NO;
				ENABLE_STRICT_OBJC_MSGSEND = YES;
				ENABLE_USER_SCRIPT_SANDBOXING = YES;
				GCC_C_LANGUAGE_STANDARD = gnu17;
				GCC_NO_COMMON_BLOCKS = YES;
				GCC_WARN_64_TO_32_BIT_CONVERSION = YES;
				GCC_WARN_ABOUT_RETURN_TYPE = YES_ERROR;
				GCC_WARN_UNDECLARED_SELECTOR = YES;
				GCC_WARN_UNINITIALIZED_AUTOS = YES_AGGRESSIVE;
				GCC_WARN_UNUSED_FUNCTION = YES;
				GCC_WARN_UNUSED_VARIABLE = YES;
				LOCALIZATION_PREFERS_STRING_CATALOGS = YES;
				MTL_ENABLE_DEBUG_INFO = NO;
				MTL_FAST_MATH = YES;
				SWIFT_COMPILATION_MODE = wholemodule;
			};
			name = Release;
		};
		8F51850E2E13E80D00517768 /* Debug */ = {
			isa = XCBuildConfiguration;
			buildSettings = {
				ASSETCATALOG_COMPILER_APPICON_NAME = AppIcon;
				ASSETCATALOG_COMPILER_GLOBAL_ACCENT_COLOR_NAME = AccentColor;
				CODE_SIGN_ENTITLEMENTS = MzansiAlert/MzansiAlert.entitlements;
				CODE_SIGN_STYLE = Automatic;
				CURRENT_PROJECT_VERSION = 1;
				ENABLE_PREVIEWS = YES;
				GENERATE_INFOPLIST_FILE = YES;
				"INFOPLIST_KEY_UIApplicationSceneManifest_Generation[sdk=iphoneos*]" = YES;
				"INFOPLIST_KEY_UIApplicationSceneManifest_Generation[sdk=iphonesimulator*]" = YES;
				"INFOPLIST_KEY_UIApplicationSupportsIndirectInputEvents[sdk=iphoneos*]" = YES;
				"INFOPLIST_KEY_UIApplicationSupportsIndirectInputEvents[sdk=iphonesimulator*]" = YES;
				"INFOPLIST_KEY_UILaunchScreen_Generation[sdk=iphoneos*]" = YES;
				"INFOPLIST_KEY_UILaunchScreen_Generation[sdk=iphonesimulator*]" = YES;
				"INFOPLIST_KEY_UIStatusBarStyle[sdk=iphoneos*]" = UIStatusBarStyleDefault;
				"INFOPLIST_KEY_UIStatusBarStyle[sdk=iphonesimulator*]" = UIStatusBarStyleDefault;
				INFOPLIST_KEY_UISupportedInterfaceOrientations_iPad = "UIInterfaceOrientationPortrait UIInterfaceOrientationPortraitUpsideDown UIInterfaceOrientationLandscapeLeft UIInterfaceOrientationLandscapeRight";
				INFOPLIST_KEY_UISupportedInterfaceOrientations_iPhone = "UIInterfaceOrientationPortrait UIInterfaceOrientationLandscapeLeft UIInterfaceOrientationLandscapeRight";
				IPHONEOS_DEPLOYMENT_TARGET = 18.5;
				LD_RUNPATH_SEARCH_PATHS = "@executable_path/Frameworks";
				"LD_RUNPATH_SEARCH_PATHS[sdk=macosx*]" = "@executable_path/../Frameworks";
				MACOSX_DEPLOYMENT_TARGET = 15.5;
				MARKETING_VERSION = 1.0;
				PRODUCT_BUNDLE_IDENTIFIER = todo.MzansiAlert;
				PRODUCT_NAME = "$(TARGET_NAME)";
				REGISTER_APP_GROUPS = YES;
				SDKROOT = auto;
				SUPPORTED_PLATFORMS = "iphoneos iphonesimulator macosx xros xrsimulator";
				SWIFT_EMIT_LOC_STRINGS = YES;
				SWIFT_VERSION = 5.0;
				TARGETED_DEVICE_FAMILY = "1,2,7";
				XROS_DEPLOYMENT_TARGET = 2.5;
			};
			name = Debug;
		};
		8F51850F2E13E80D00517768 /* Release */ = {
			isa = XCBuildConfiguration;
			buildSettings = {
				ASSETCATALOG_COMPILER_APPICON_NAME = AppIcon;
				ASSETCATALOG_COMPILER_GLOBAL_ACCENT_COLOR_NAME = AccentColor;
				CODE_SIGN_ENTITLEMENTS = MzansiAlert/MzansiAlert.entitlements;
				CODE_SIGN_STYLE = Automatic;
				CURRENT_PROJECT_VERSION = 1;
				ENABLE_PREVIEWS = YES;
				GENERATE_INFOPLIST_FILE = YES;
				"INFOPLIST_KEY_UIApplicationSceneManifest_Generation[sdk=iphoneos*]" = YES;
				"INFOPLIST_KEY_UIApplicationSceneManifest_Generation[sdk=iphonesimulator*]" = YES;
				"INFOPLIST_KEY_UIApplicationSupportsIndirectInputEvents[sdk=iphoneos*]" = YES;
				"INFOPLIST_KEY_UIApplicationSupportsIndirectInputEvents[sdk=iphonesimulator*]" = YES;
				"INFOPLIST_KEY_UILaunchScreen_Generation[sdk=iphoneos*]" = YES;
				"INFOPLIST_KEY_UILaunchScreen_Generation[sdk=iphonesimulator*]" = YES;
				"INFOPLIST_KEY_UIStatusBarStyle[sdk=iphoneos*]" = UIStatusBarStyleDefault;
				"INFOPLIST_KEY_UIStatusBarStyle[sdk=iphonesimulator*]" = UIStatusBarStyleDefault;
				INFOPLIST_KEY_UISupportedInterfaceOrientations_iPad = "UIInterfaceOrientationPortrait UIInterfaceOrientationPortraitUpsideDown UIInterfaceOrientationLandscapeLeft UIInterfaceOrientationLandscapeRight";
				INFOPLIST_KEY_UISupportedInterfaceOrientations_iPhone = "UIInterfaceOrientationPortrait UIInterfaceOrientationLandscapeLeft UIInterfaceOrientationLandscapeRight";
				IPHONEOS_DEPLOYMENT_TARGET = 18.5;
				LD_RUNPATH_SEARCH_PATHS = "@executable_path/Frameworks";
				"LD_RUNPATH_SEARCH_PATHS[sdk=macosx*]" = "@executable_path/../Frameworks";
				MACOSX_DEPLOYMENT_TARGET = 15.5;
				MARKETING_VERSION = 1.0;
				PRODUCT_BUNDLE_IDENTIFIER = todo.MzansiAlert;
				PRODUCT_NAME = "$(TARGET_NAME)";
				REGISTER_APP_GROUPS = YES;
				SDKROOT = auto;
				SUPPORTED_PLATFORMS = "iphoneos iphonesimulator macosx xros xrsimulator";
				SWIFT_EMIT_LOC_STRINGS = YES;
				SWIFT_VERSION = 5.0;
				TARGETED_DEVICE_FAMILY = "1,2,7";
				XROS_DEPLOYMENT_TARGET = 2.5;
			};
			name = Release;
		};
		8F5185112E13E80D00517768 /* Debug */ = {
			isa = XCBuildConfiguration;
			buildSettings = {
				BUNDLE_LOADER = "$(TEST_HOST)";
				CODE_SIGN_STYLE = Automatic;
				CURRENT_PROJECT_VERSION = 1;
				GENERATE_INFOPLIST_FILE = YES;
				IPHONEOS_DEPLOYMENT_TARGET = 18.5;
				MACOSX_DEPLOYMENT_TARGET = 15.5;
				MARKETING_VERSION = 1.0;
				PRODUCT_BUNDLE_IDENTIFIER = todo.MzansiAlertTests;
				PRODUCT_NAME = "$(TARGET_NAME)";
				SDKROOT = auto;
				SUPPORTED_PLATFORMS = "iphoneos iphonesimulator macosx xros xrsimulator";
				SWIFT_EMIT_LOC_STRINGS = NO;
				SWIFT_VERSION = 5.0;
				TARGETED_DEVICE_FAMILY = "1,2,7";
				TEST_HOST = "$(BUILT_PRODUCTS_DIR)/MzansiAlert.app/$(BUNDLE_EXECUTABLE_FOLDER_PATH)/MzansiAlert";
				XROS_DEPLOYMENT_TARGET = 2.5;
			};
			name = Debug;
		};
		8F5185122E13E80D00517768 /* Release */ = {
			isa = XCBuildConfiguration;
			buildSettings = {
				BUNDLE_LOADER = "$(TEST_HOST)";
				CODE_SIGN_STYLE = Automatic;
				CURRENT_PROJECT_VERSION = 1;
				GENERATE_INFOPLIST_FILE = YES;
				IPHONEOS_DEPLOYMENT_TARGET = 18.5;
				MACOSX_DEPLOYMENT_TARGET = 15.5;
				MARKETING_VERSION = 1.0;
				PRODUCT_BUNDLE_IDENTIFIER = todo.MzansiAlertTests;
				PRODUCT_NAME = "$(TARGET_NAME)";
				SDKROOT = auto;
				SUPPORTED_PLATFORMS = "iphoneos iphonesimulator macosx xros xrsimulator";
				SWIFT_EMIT_LOC_STRINGS = NO;
				SWIFT_VERSION = 5.0;
				TARGETED_DEVICE_FAMILY = "1,2,7";
				TEST_HOST = "$(BUILT_PRODUCTS_DIR)/MzansiAlert.app/$(BUNDLE_EXECUTABLE_FOLDER_PATH)/MzansiAlert";
				XROS_DEPLOYMENT_TARGET = 2.5;
			};
			name = Release;
		};
		8F5185142E13E80D00517768 /* Debug */ = {
			isa = XCBuildConfiguration;
			buildSettings = {
				CODE_SIGN_STYLE = Automatic;
				CURRENT_PROJECT_VERSION = 1;
				GENERATE_INFOPLIST_FILE = YES;
				IPHONEOS_DEPLOYMENT_TARGET = 18.5;
				MACOSX_DEPLOYMENT_TARGET = 15.5;
				MARKETING_VERSION = 1.0;
				PRODUCT_BUNDLE_IDENTIFIER = todo.MzansiAlertUITests;
				PRODUCT_NAME = "$(TARGET_NAME)";
				SDKROOT = auto;
				SUPPORTED_PLATFORMS = "iphoneos iphonesimulator macosx xros xrsimulator";
				SWIFT_EMIT_LOC_STRINGS = NO;
				SWIFT_VERSION = 5.0;
				TARGETED_DEVICE_FAMILY = "1,2,7";
				TEST_TARGET_NAME = MzansiAlert;
				XROS_DEPLOYMENT_TARGET = 2.5;
			};
			name = Debug;
		};
		8F5185152E13E80D00517768 /* Release */ = {
			isa = XCBuildConfiguration;
			buildSettings = {
				CODE_SIGN_STYLE = Automatic;
				CURRENT_PROJECT_VERSION = 1;
				GENERATE_INFOPLIST_FILE = YES;
				IPHONEOS_DEPLOYMENT_TARGET = 18.5;
				MACOSX_DEPLOYMENT_TARGET = 15.5;
				MARKETING_VERSION = 1.0;
				PRODUCT_BUNDLE_IDENTIFIER = todo.MzansiAlertUITests;
				PRODUCT_NAME = "$(TARGET_NAME)";
				SDKROOT = auto;
				SUPPORTED_PLATFORMS = "iphoneos iphonesimulator macosx xros xrsimulator";
				SWIFT_EMIT_LOC_STRINGS = NO;
				SWIFT_VERSION = 5.0;
				TARGETED_DEVICE_FAMILY = "1,2,7";
				TEST_TARGET_NAME = MzansiAlert;
				XROS_DEPLOYMENT_TARGET = 2.5;
			};
			name = Release;
		};
/* End XCBuildConfiguration section */

/* Begin XCConfigurationList section */
		8F5184E62E13E80000517768 /* Build configuration list for PBXProject "MzansiAlert" */ = {
			isa = XCConfigurationList;
			buildConfigurations = (
				8F51850B2E13E80D00517768 /* Debug */,
				8F51850C2E13E80D00517768 /* Release */,
			);
			defaultConfigurationIsVisible = 0;
			defaultConfigurationName = Release;
		};
		8F51850D2E13E80D00517768 /* Build configuration list for PBXNativeTarget "MzansiAlert" */ = {
			isa = XCConfigurationList;
			buildConfigurations = (
				8F51850E2E13E80D00517768 /* Debug */,
				8F51850F2E13E80D00517768 /* Release */,
			);
			defaultConfigurationIsVisible = 0;
			defaultConfigurationName = Release;
		};
		8F5185102E13E80D00517768 /* Build configuration list for PBXNativeTarget "MzansiAlertTests" */ = {
			isa = XCConfigurationList;
			buildConfigurations = (
				8F5185112E13E80D00517768 /* Debug */,
				8F5185122E13E80D00517768 /* Release */,
			);
			defaultConfigurationIsVisible = 0;
			defaultConfigurationName = Release;
		};
		8F5185132E13E80D00517768 /* Build configuration list for PBXNativeTarget "MzansiAlertUITests" */ = {
			isa = XCConfigurationList;
			buildConfigurations = (
				8F5185142E13E80D00517768 /* Debug */,
				8F5185152E13E80D00517768 /* Release */,
			);
			defaultConfigurationIsVisible = 0;
			defaultConfigurationName = Release;
		};
/* End XCConfigurationList section */
	};
	rootObject = 8F5184E32E13E80000517768 /* Project object */;
}
